// !$*UTF8*$!
{
	archiveVersion = 1;
	classes = {
	};
	objectVersion = 46;
	objects = {

/* Begin PBXBuildFile section */
		C319175B1854B5E300C64A8D /* DMScoreBoard.m in Sources */ = {isa = PBXBuildFile; fileRef = C319175A1854B5E300C64A8D /* DMScoreBoard.m */; };
		C319176618551D4700C64A8D /* Fonts in Resources */ = {isa = PBXBuildFile; fileRef = C319176518551D4700C64A8D /* Fonts */; };
		C319176818553FE200C64A8D /* heart-small.png in Resources */ = {isa = PBXBuildFile; fileRef = C319176718553FE200C64A8D /* heart-small.png */; };
		C32F535D1832EC4F00C56076 /* DMBomb.m in Sources */ = {isa = PBXBuildFile; fileRef = C32F535C1832EC4F00C56076 /* DMBomb.m */; };
		C32F53601832EC9700C56076 /* bomb-1.png in Resources */ = {isa = PBXBuildFile; fileRef = C32F535E1832EC9700C56076 /* bomb-1.png */; };
		C32F53611832EC9700C56076 /* bomb-2.png in Resources */ = {isa = PBXBuildFile; fileRef = C32F535F1832EC9700C56076 /* bomb-2.png */; };
		C332244818568CD5000F412D /* DMEndScene.m in Sources */ = {isa = PBXBuildFile; fileRef = C332244718568CD5000F412D /* DMEndScene.m */; };
		C3383229183331040082F702 /* fire-1.png in Resources */ = {isa = PBXBuildFile; fileRef = C3383227183331040082F702 /* fire-1.png */; };
		C338322A183331040082F702 /* fire-2.png in Resources */ = {isa = PBXBuildFile; fileRef = C3383228183331040082F702 /* fire-2.png */; };
		C338322D183331220082F702 /* DMFire.m in Sources */ = {isa = PBXBuildFile; fileRef = C338322C183331220082F702 /* DMFire.m */; };
		C338322F18343A680082F702 /* star.png in Resources */ = {isa = PBXBuildFile; fileRef = C338322E18343A680082F702 /* star.png */; };
		C338323118343A6E0082F702 /* rupee-yellow.png in Resources */ = {isa = PBXBuildFile; fileRef = C338323018343A6E0082F702 /* rupee-yellow.png */; };
		C338323418343A990082F702 /* DMRupee.m in Sources */ = {isa = PBXBuildFile; fileRef = C338323318343A990082F702 /* DMRupee.m */; };
		C338323718343BCB0082F702 /* DMStar.m in Sources */ = {isa = PBXBuildFile; fileRef = C338323618343BCB0082F702 /* DMStar.m */; };
		C338323918343FD90082F702 /* heart.png in Resources */ = {isa = PBXBuildFile; fileRef = C338323818343FD90082F702 /* heart.png */; };
		C338323C18343FE50082F702 /* DMHeart.m in Sources */ = {isa = PBXBuildFile; fileRef = C338323B18343FE50082F702 /* DMHeart.m */; };
		C338323F1834451F0082F702 /* DMItem.m in Sources */ = {isa = PBXBuildFile; fileRef = C338323E1834451F0082F702 /* DMItem.m */; };
		C338324418353AAE0082F702 /* DMLevel.m in Sources */ = {isa = PBXBuildFile; fileRef = C338324318353AAE0082F702 /* DMLevel.m */; };
		C375F4331844FA2C00C93583 /* foe.atlas in Resources */ = {isa = PBXBuildFile; fileRef = C375F4321844FA2C00C93583 /* foe.atlas */; };
		C375F4361844FA6100C93583 /* DMFoe.m in Sources */ = {isa = PBXBuildFile; fileRef = C375F4351844FA6100C93583 /* DMFoe.m */; };
		C38ADA721831BBA8006E960D /* DMTile.m in Sources */ = {isa = PBXBuildFile; fileRef = C38ADA711831BBA8006E960D /* DMTile.m */; };
		C38ADA751831BCE5006E960D /* DMWall.m in Sources */ = {isa = PBXBuildFile; fileRef = C38ADA741831BCE5006E960D /* DMWall.m */; };
		C38ADA771831BFFE006E960D /* wall.png in Resources */ = {isa = PBXBuildFile; fileRef = C38ADA761831BFFE006E960D /* wall.png */; };
		C38ADA7A1831C426006E960D /* DMGrass.m in Sources */ = {isa = PBXBuildFile; fileRef = C38ADA791831C426006E960D /* DMGrass.m */; };
		C38ADA7D183273A2006E960D /* DMBrick.m in Sources */ = {isa = PBXBuildFile; fileRef = C38ADA7C183273A2006E960D /* DMBrick.m */; };
		C38ADA7F18327413006E960D /* brick.png in Resources */ = {isa = PBXBuildFile; fileRef = C38ADA7E18327413006E960D /* brick.png */; };
		C38ADA86183277D5006E960D /* DMBro.m in Sources */ = {isa = PBXBuildFile; fileRef = C38ADA85183277D5006E960D /* DMBro.m */; };
		C38ADA881832786E006E960D /* bro.atlas in Resources */ = {isa = PBXBuildFile; fileRef = C38ADA871832786E006E960D /* bro.atlas */; };
		C38ADA8B183278C6006E960D /* DMMovingSprite.m in Sources */ = {isa = PBXBuildFile; fileRef = C38ADA8A183278C6006E960D /* DMMovingSprite.m */; };
		C3D202D71831134E00B8C3CA /* Cocoa.framework in Frameworks */ = {isa = PBXBuildFile; fileRef = C3D202D61831134E00B8C3CA /* Cocoa.framework */; };
		C3D202D91831134E00B8C3CA /* SpriteKit.framework in Frameworks */ = {isa = PBXBuildFile; fileRef = C3D202D81831134E00B8C3CA /* SpriteKit.framework */; };
		C3D202E31831134E00B8C3CA /* InfoPlist.strings in Resources */ = {isa = PBXBuildFile; fileRef = C3D202E11831134E00B8C3CA /* InfoPlist.strings */; };
		C3D202E51831134E00B8C3CA /* main.m in Sources */ = {isa = PBXBuildFile; fileRef = C3D202E41831134E00B8C3CA /* main.m */; };
		C3D202E91831134E00B8C3CA /* Credits.rtf in Resources */ = {isa = PBXBuildFile; fileRef = C3D202E71831134E00B8C3CA /* Credits.rtf */; };
		C3D202EB1831134E00B8C3CA /* MainMenu.xib in Resources */ = {isa = PBXBuildFile; fileRef = C3D202EA1831134E00B8C3CA /* MainMenu.xib */; };
		C3D202ED1831134F00B8C3CA /* DMGameScene.m in Sources */ = {isa = PBXBuildFile; fileRef = C3D202EC1831134E00B8C3CA /* DMGameScene.m */; };
		C3D202F01831134F00B8C3CA /* DMAppDelegate.m in Sources */ = {isa = PBXBuildFile; fileRef = C3D202EF1831134F00B8C3CA /* DMAppDelegate.m */; };
		C3D202F51831134F00B8C3CA /* Images.xcassets in Resources */ = {isa = PBXBuildFile; fileRef = C3D202F41831134F00B8C3CA /* Images.xcassets */; };
		C3D202FC1831134F00B8C3CA /* XCTest.framework in Frameworks */ = {isa = PBXBuildFile; fileRef = C3D202FB1831134F00B8C3CA /* XCTest.framework */; };
		C3D202FD1831134F00B8C3CA /* Cocoa.framework in Frameworks */ = {isa = PBXBuildFile; fileRef = C3D202D61831134E00B8C3CA /* Cocoa.framework */; };
		C3D203051831134F00B8C3CA /* InfoPlist.strings in Resources */ = {isa = PBXBuildFile; fileRef = C3D203031831134F00B8C3CA /* InfoPlist.strings */; };
		C3D203071831134F00B8C3CA /* DaftManTests.m in Sources */ = {isa = PBXBuildFile; fileRef = C3D203061831134F00B8C3CA /* DaftManTests.m */; };
/* End PBXBuildFile section */

/* Begin PBXContainerItemProxy section */
		C3D202FE1831134F00B8C3CA /* PBXContainerItemProxy */ = {
			isa = PBXContainerItemProxy;
			containerPortal = C3D202CB1831134E00B8C3CA /* Project object */;
			proxyType = 1;
			remoteGlobalIDString = C3D202D21831134E00B8C3CA;
			remoteInfo = DaftMan;
		};
/* End PBXContainerItemProxy section */

/* Begin PBXFileReference section */
		C31917591854B5E300C64A8D /* DMScoreBoard.h */ = {isa = PBXFileReference; fileEncoding = 4; lastKnownFileType = sourcecode.c.h; path = DMScoreBoard.h; sourceTree = "<group>"; };
		C319175A1854B5E300C64A8D /* DMScoreBoard.m */ = {isa = PBXFileReference; fileEncoding = 4; lastKnownFileType = sourcecode.c.objc; path = DMScoreBoard.m; sourceTree = "<group>"; };
		C319176518551D4700C64A8D /* Fonts */ = {isa = PBXFileReference; lastKnownFileType = folder; path = Fonts; sourceTree = "<group>"; };
		C319176718553FE200C64A8D /* heart-small.png */ = {isa = PBXFileReference; lastKnownFileType = image.png; path = "heart-small.png"; sourceTree = "<group>"; };
		C32F535A1832CBAE00C56076 /* DMMovingSpriteDelegate.h */ = {isa = PBXFileReference; lastKnownFileType = sourcecode.c.h; path = DMMovingSpriteDelegate.h; sourceTree = "<group>"; };
		C32F535B1832EC4F00C56076 /* DMBomb.h */ = {isa = PBXFileReference; fileEncoding = 4; lastKnownFileType = sourcecode.c.h; path = DMBomb.h; sourceTree = "<group>"; };
		C32F535C1832EC4F00C56076 /* DMBomb.m */ = {isa = PBXFileReference; fileEncoding = 4; lastKnownFileType = sourcecode.c.objc; path = DMBomb.m; sourceTree = "<group>"; };
		C32F535E1832EC9700C56076 /* bomb-1.png */ = {isa = PBXFileReference; lastKnownFileType = image.png; path = "bomb-1.png"; sourceTree = "<group>"; };
		C32F535F1832EC9700C56076 /* bomb-2.png */ = {isa = PBXFileReference; lastKnownFileType = image.png; path = "bomb-2.png"; sourceTree = "<group>"; };
		C332244618568CD5000F412D /* DMEndScene.h */ = {isa = PBXFileReference; fileEncoding = 4; lastKnownFileType = sourcecode.c.h; path = DMEndScene.h; sourceTree = "<group>"; };
		C332244718568CD5000F412D /* DMEndScene.m */ = {isa = PBXFileReference; fileEncoding = 4; lastKnownFileType = sourcecode.c.objc; path = DMEndScene.m; sourceTree = "<group>"; };
		C3383227183331040082F702 /* fire-1.png */ = {isa = PBXFileReference; lastKnownFileType = image.png; path = "fire-1.png"; sourceTree = "<group>"; };
		C3383228183331040082F702 /* fire-2.png */ = {isa = PBXFileReference; lastKnownFileType = image.png; path = "fire-2.png"; sourceTree = "<group>"; };
		C338322B183331220082F702 /* DMFire.h */ = {isa = PBXFileReference; fileEncoding = 4; lastKnownFileType = sourcecode.c.h; path = DMFire.h; sourceTree = "<group>"; };
		C338322C183331220082F702 /* DMFire.m */ = {isa = PBXFileReference; fileEncoding = 4; lastKnownFileType = sourcecode.c.objc; path = DMFire.m; sourceTree = "<group>"; };
		C338322E18343A680082F702 /* star.png */ = {isa = PBXFileReference; lastKnownFileType = image.png; path = star.png; sourceTree = "<group>"; };
		C338323018343A6E0082F702 /* rupee-yellow.png */ = {isa = PBXFileReference; lastKnownFileType = image.png; path = "rupee-yellow.png"; sourceTree = "<group>"; };
		C338323218343A990082F702 /* DMRupee.h */ = {isa = PBXFileReference; fileEncoding = 4; lastKnownFileType = sourcecode.c.h; path = DMRupee.h; sourceTree = "<group>"; };
		C338323318343A990082F702 /* DMRupee.m */ = {isa = PBXFileReference; fileEncoding = 4; lastKnownFileType = sourcecode.c.objc; path = DMRupee.m; sourceTree = "<group>"; };
		C338323518343BCB0082F702 /* DMStar.h */ = {isa = PBXFileReference; fileEncoding = 4; lastKnownFileType = sourcecode.c.h; path = DMStar.h; sourceTree = "<group>"; };
		C338323618343BCB0082F702 /* DMStar.m */ = {isa = PBXFileReference; fileEncoding = 4; lastKnownFileType = sourcecode.c.objc; path = DMStar.m; sourceTree = "<group>"; };
		C338323818343FD90082F702 /* heart.png */ = {isa = PBXFileReference; lastKnownFileType = image.png; path = heart.png; sourceTree = "<group>"; };
		C338323A18343FE50082F702 /* DMHeart.h */ = {isa = PBXFileReference; fileEncoding = 4; lastKnownFileType = sourcecode.c.h; path = DMHeart.h; sourceTree = "<group>"; };
		C338323B18343FE50082F702 /* DMHeart.m */ = {isa = PBXFileReference; fileEncoding = 4; lastKnownFileType = sourcecode.c.objc; path = DMHeart.m; sourceTree = "<group>"; };
		C338323D1834451F0082F702 /* DMItem.h */ = {isa = PBXFileReference; fileEncoding = 4; lastKnownFileType = sourcecode.c.h; path = DMItem.h; sourceTree = "<group>"; };
		C338323E1834451F0082F702 /* DMItem.m */ = {isa = PBXFileReference; fileEncoding = 4; lastKnownFileType = sourcecode.c.objc; path = DMItem.m; sourceTree = "<group>"; };
		C338324118352B560082F702 /* DMItemDelegate.h */ = {isa = PBXFileReference; lastKnownFileType = sourcecode.c.h; path = DMItemDelegate.h; sourceTree = "<group>"; };
		C338324218353AAE0082F702 /* DMLevel.h */ = {isa = PBXFileReference; fileEncoding = 4; lastKnownFileType = sourcecode.c.h; path = DMLevel.h; sourceTree = "<group>"; };
		C338324318353AAE0082F702 /* DMLevel.m */ = {isa = PBXFileReference; fileEncoding = 4; lastKnownFileType = sourcecode.c.objc; path = DMLevel.m; sourceTree = "<group>"; };
		C375F4321844FA2C00C93583 /* foe.atlas */ = {isa = PBXFileReference; lastKnownFileType = folder.skatlas; path = foe.atlas; sourceTree = "<group>"; };
		C375F4341844FA6100C93583 /* DMFoe.h */ = {isa = PBXFileReference; fileEncoding = 4; lastKnownFileType = sourcecode.c.h; path = DMFoe.h; sourceTree = "<group>"; };
		C375F4351844FA6100C93583 /* DMFoe.m */ = {isa = PBXFileReference; fileEncoding = 4; lastKnownFileType = sourcecode.c.objc; path = DMFoe.m; sourceTree = "<group>"; };
		C38ADA701831BBA8006E960D /* DMTile.h */ = {isa = PBXFileReference; fileEncoding = 4; lastKnownFileType = sourcecode.c.h; path = DMTile.h; sourceTree = "<group>"; };
		C38ADA711831BBA8006E960D /* DMTile.m */ = {isa = PBXFileReference; fileEncoding = 4; lastKnownFileType = sourcecode.c.objc; path = DMTile.m; sourceTree = "<group>"; };
		C38ADA731831BCE5006E960D /* DMWall.h */ = {isa = PBXFileReference; fileEncoding = 4; lastKnownFileType = sourcecode.c.h; path = DMWall.h; sourceTree = "<group>"; };
		C38ADA741831BCE5006E960D /* DMWall.m */ = {isa = PBXFileReference; fileEncoding = 4; lastKnownFileType = sourcecode.c.objc; path = DMWall.m; sourceTree = "<group>"; };
		C38ADA761831BFFE006E960D /* wall.png */ = {isa = PBXFileReference; lastKnownFileType = image.png; path = wall.png; sourceTree = "<group>"; };
		C38ADA781831C426006E960D /* DMGrass.h */ = {isa = PBXFileReference; fileEncoding = 4; lastKnownFileType = sourcecode.c.h; path = DMGrass.h; sourceTree = "<group>"; };
		C38ADA791831C426006E960D /* DMGrass.m */ = {isa = PBXFileReference; fileEncoding = 4; lastKnownFileType = sourcecode.c.objc; path = DMGrass.m; sourceTree = "<group>"; };
		C38ADA7B183273A2006E960D /* DMBrick.h */ = {isa = PBXFileReference; fileEncoding = 4; lastKnownFileType = sourcecode.c.h; path = DMBrick.h; sourceTree = "<group>"; };
		C38ADA7C183273A2006E960D /* DMBrick.m */ = {isa = PBXFileReference; fileEncoding = 4; lastKnownFileType = sourcecode.c.objc; path = DMBrick.m; sourceTree = "<group>"; };
		C38ADA7E18327413006E960D /* brick.png */ = {isa = PBXFileReference; lastKnownFileType = image.png; path = brick.png; sourceTree = "<group>"; };
		C38ADA84183277D5006E960D /* DMBro.h */ = {isa = PBXFileReference; fileEncoding = 4; lastKnownFileType = sourcecode.c.h; path = DMBro.h; sourceTree = "<group>"; };
		C38ADA85183277D5006E960D /* DMBro.m */ = {isa = PBXFileReference; fileEncoding = 4; lastKnownFileType = sourcecode.c.objc; path = DMBro.m; sourceTree = "<group>"; };
		C38ADA871832786E006E960D /* bro.atlas */ = {isa = PBXFileReference; lastKnownFileType = folder.skatlas; path = bro.atlas; sourceTree = "<group>"; };
		C38ADA89183278C6006E960D /* DMMovingSprite.h */ = {isa = PBXFileReference; fileEncoding = 4; lastKnownFileType = sourcecode.c.h; path = DMMovingSprite.h; sourceTree = "<group>"; };
		C38ADA8A183278C6006E960D /* DMMovingSprite.m */ = {isa = PBXFileReference; fileEncoding = 4; lastKnownFileType = sourcecode.c.objc; path = DMMovingSprite.m; sourceTree = "<group>"; };
		C3D202D31831134E00B8C3CA /* DaftMan.app */ = {isa = PBXFileReference; explicitFileType = wrapper.application; includeInIndex = 0; path = DaftMan.app; sourceTree = BUILT_PRODUCTS_DIR; };
		C3D202D61831134E00B8C3CA /* Cocoa.framework */ = {isa = PBXFileReference; lastKnownFileType = wrapper.framework; name = Cocoa.framework; path = System/Library/Frameworks/Cocoa.framework; sourceTree = SDKROOT; };
		C3D202D81831134E00B8C3CA /* SpriteKit.framework */ = {isa = PBXFileReference; lastKnownFileType = wrapper.framework; name = SpriteKit.framework; path = System/Library/Frameworks/SpriteKit.framework; sourceTree = SDKROOT; };
		C3D202DB1831134E00B8C3CA /* AppKit.framework */ = {isa = PBXFileReference; lastKnownFileType = wrapper.framework; name = AppKit.framework; path = System/Library/Frameworks/AppKit.framework; sourceTree = SDKROOT; };
		C3D202DC1831134E00B8C3CA /* CoreData.framework */ = {isa = PBXFileReference; lastKnownFileType = wrapper.framework; name = CoreData.framework; path = System/Library/Frameworks/CoreData.framework; sourceTree = SDKROOT; };
		C3D202DD1831134E00B8C3CA /* Foundation.framework */ = {isa = PBXFileReference; lastKnownFileType = wrapper.framework; name = Foundation.framework; path = System/Library/Frameworks/Foundation.framework; sourceTree = SDKROOT; };
		C3D202E01831134E00B8C3CA /* DaftMan-Info.plist */ = {isa = PBXFileReference; lastKnownFileType = text.plist.xml; path = "DaftMan-Info.plist"; sourceTree = "<group>"; };
		C3D202E21831134E00B8C3CA /* en */ = {isa = PBXFileReference; lastKnownFileType = text.plist.strings; name = en; path = en.lproj/InfoPlist.strings; sourceTree = "<group>"; };
		C3D202E41831134E00B8C3CA /* main.m */ = {isa = PBXFileReference; lastKnownFileType = sourcecode.c.objc; path = main.m; sourceTree = "<group>"; };
		C3D202E61831134E00B8C3CA /* DaftMan-Prefix.pch */ = {isa = PBXFileReference; lastKnownFileType = sourcecode.c.h; path = "DaftMan-Prefix.pch"; sourceTree = "<group>"; };
		C3D202E81831134E00B8C3CA /* en */ = {isa = PBXFileReference; lastKnownFileType = text.rtf; name = en; path = en.lproj/Credits.rtf; sourceTree = "<group>"; };
		C3D202EA1831134E00B8C3CA /* MainMenu.xib */ = {isa = PBXFileReference; lastKnownFileType = file.xib; path = MainMenu.xib; sourceTree = "<group>"; };
		C3D202EC1831134E00B8C3CA /* DMGameScene.m */ = {isa = PBXFileReference; lastKnownFileType = sourcecode.c.objc; path = DMGameScene.m; sourceTree = "<group>"; };
		C3D202EE1831134F00B8C3CA /* DMGameScene.h */ = {isa = PBXFileReference; lastKnownFileType = sourcecode.c.h; path = DMGameScene.h; sourceTree = "<group>"; };
		C3D202EF1831134F00B8C3CA /* DMAppDelegate.m */ = {isa = PBXFileReference; lastKnownFileType = sourcecode.c.objc; path = DMAppDelegate.m; sourceTree = "<group>"; };
		C3D202F11831134F00B8C3CA /* DMAppDelegate.h */ = {isa = PBXFileReference; lastKnownFileType = sourcecode.c.h; path = DMAppDelegate.h; sourceTree = "<group>"; };
		C3D202F41831134F00B8C3CA /* Images.xcassets */ = {isa = PBXFileReference; lastKnownFileType = folder.assetcatalog; path = Images.xcassets; sourceTree = "<group>"; };
		C3D202FA1831134F00B8C3CA /* DaftManTests.xctest */ = {isa = PBXFileReference; explicitFileType = wrapper.cfbundle; includeInIndex = 0; path = DaftManTests.xctest; sourceTree = BUILT_PRODUCTS_DIR; };
		C3D202FB1831134F00B8C3CA /* XCTest.framework */ = {isa = PBXFileReference; lastKnownFileType = wrapper.framework; name = XCTest.framework; path = Library/Frameworks/XCTest.framework; sourceTree = DEVELOPER_DIR; };
		C3D203021831134F00B8C3CA /* DaftManTests-Info.plist */ = {isa = PBXFileReference; lastKnownFileType = text.plist.xml; path = "DaftManTests-Info.plist"; sourceTree = "<group>"; };
		C3D203041831134F00B8C3CA /* en */ = {isa = PBXFileReference; lastKnownFileType = text.plist.strings; name = en; path = en.lproj/InfoPlist.strings; sourceTree = "<group>"; };
		C3D203061831134F00B8C3CA /* DaftManTests.m */ = {isa = PBXFileReference; lastKnownFileType = sourcecode.c.objc; path = DaftManTests.m; sourceTree = "<group>"; };
/* End PBXFileReference section */

/* Begin PBXFrameworksBuildPhase section */
		C3D202D01831134E00B8C3CA /* Frameworks */ = {
			isa = PBXFrameworksBuildPhase;
			buildActionMask = 2147483647;
			files = (
				C3D202D91831134E00B8C3CA /* SpriteKit.framework in Frameworks */,
				C3D202D71831134E00B8C3CA /* Cocoa.framework in Frameworks */,
			);
			runOnlyForDeploymentPostprocessing = 0;
		};
		C3D202F71831134F00B8C3CA /* Frameworks */ = {
			isa = PBXFrameworksBuildPhase;
			buildActionMask = 2147483647;
			files = (
				C3D202FD1831134F00B8C3CA /* Cocoa.framework in Frameworks */,
				C3D202FC1831134F00B8C3CA /* XCTest.framework in Frameworks */,
			);
			runOnlyForDeploymentPostprocessing = 0;
		};
/* End PBXFrameworksBuildPhase section */

/* Begin PBXGroup section */
		C33224491856A125000F412D /* Scenes */ = {
			isa = PBXGroup;
			children = (
				C332244618568CD5000F412D /* DMEndScene.h */,
				C332244718568CD5000F412D /* DMEndScene.m */,
				C3D202EC1831134E00B8C3CA /* DMGameScene.m */,
				C3D202EE1831134F00B8C3CA /* DMGameScene.h */,
			);
			name = Scenes;
			sourceTree = "<group>";
		};
		C3383240183445230082F702 /* Item */ = {
			isa = PBXGroup;
			children = (
				C338323D1834451F0082F702 /* DMItem.h */,
				C338323E1834451F0082F702 /* DMItem.m */,
				C338324118352B560082F702 /* DMItemDelegate.h */,
				C338323218343A990082F702 /* DMRupee.h */,
				C338323318343A990082F702 /* DMRupee.m */,
				C338323518343BCB0082F702 /* DMStar.h */,
				C338323618343BCB0082F702 /* DMStar.m */,
				C338323A18343FE50082F702 /* DMHeart.h */,
				C338323B18343FE50082F702 /* DMHeart.m */,
				C338322B183331220082F702 /* DMFire.h */,
				C338322C183331220082F702 /* DMFire.m */,
			);
			name = Item;
			sourceTree = "<group>";
		};
		C38ADA6F1831BB7F006E960D /* Tile */ = {
			isa = PBXGroup;
			children = (
				C38ADA701831BBA8006E960D /* DMTile.h */,
				C38ADA711831BBA8006E960D /* DMTile.m */,
				C38ADA731831BCE5006E960D /* DMWall.h */,
				C38ADA741831BCE5006E960D /* DMWall.m */,
				C38ADA781831C426006E960D /* DMGrass.h */,
				C38ADA791831C426006E960D /* DMGrass.m */,
				C38ADA7B183273A2006E960D /* DMBrick.h */,
				C38ADA7C183273A2006E960D /* DMBrick.m */,
			);
			name = Tile;
			sourceTree = "<group>";
		};
		C38ADA83183275A3006E960D /* Sprite */ = {
			isa = PBXGroup;
			children = (
				C38ADA8C183278E6006E960D /* Moving Sprite */,
				C38ADA6F1831BB7F006E960D /* Tile */,
				C3383240183445230082F702 /* Item */,
				C32F535B1832EC4F00C56076 /* DMBomb.h */,
				C32F535C1832EC4F00C56076 /* DMBomb.m */,
			);
			name = Sprite;
			sourceTree = "<group>";
		};
		C38ADA8C183278E6006E960D /* Moving Sprite */ = {
			isa = PBXGroup;
			children = (
				C38ADA89183278C6006E960D /* DMMovingSprite.h */,
				C38ADA8A183278C6006E960D /* DMMovingSprite.m */,
				C32F535A1832CBAE00C56076 /* DMMovingSpriteDelegate.h */,
				C38ADA84183277D5006E960D /* DMBro.h */,
				C38ADA85183277D5006E960D /* DMBro.m */,
				C375F4341844FA6100C93583 /* DMFoe.h */,
				C375F4351844FA6100C93583 /* DMFoe.m */,
			);
			name = "Moving Sprite";
			sourceTree = "<group>";
		};
		C3D202CA1831134E00B8C3CA = {
			isa = PBXGroup;
			children = (
				C3D202DE1831134E00B8C3CA /* DaftMan */,
				C3D203001831134F00B8C3CA /* DaftManTests */,
				C3D202D51831134E00B8C3CA /* Frameworks */,
				C3D202D41831134E00B8C3CA /* Products */,
			);
			sourceTree = "<group>";
		};
		C3D202D41831134E00B8C3CA /* Products */ = {
			isa = PBXGroup;
			children = (
				C3D202D31831134E00B8C3CA /* DaftMan.app */,
				C3D202FA1831134F00B8C3CA /* DaftManTests.xctest */,
			);
			name = Products;
			sourceTree = "<group>";
		};
		C3D202D51831134E00B8C3CA /* Frameworks */ = {
			isa = PBXGroup;
			children = (
				C3D202D61831134E00B8C3CA /* Cocoa.framework */,
				C3D202D81831134E00B8C3CA /* SpriteKit.framework */,
				C3D202FB1831134F00B8C3CA /* XCTest.framework */,
				C3D202DA1831134E00B8C3CA /* Other Frameworks */,
			);
			name = Frameworks;
			sourceTree = "<group>";
		};
		C3D202DA1831134E00B8C3CA /* Other Frameworks */ = {
			isa = PBXGroup;
			children = (
				C3D202DB1831134E00B8C3CA /* AppKit.framework */,
				C3D202DC1831134E00B8C3CA /* CoreData.framework */,
				C3D202DD1831134E00B8C3CA /* Foundation.framework */,
			);
			name = "Other Frameworks";
			sourceTree = "<group>";
		};
		C3D202DE1831134E00B8C3CA /* DaftMan */ = {
			isa = PBXGroup;
			children = (
				C38ADA83183275A3006E960D /* Sprite */,
				C31917591854B5E300C64A8D /* DMScoreBoard.h */,
				C319175A1854B5E300C64A8D /* DMScoreBoard.m */,
				C338324218353AAE0082F702 /* DMLevel.h */,
				C338324318353AAE0082F702 /* DMLevel.m */,
				C33224491856A125000F412D /* Scenes */,
				C3D202EA1831134E00B8C3CA /* MainMenu.xib */,
				C3D202EF1831134F00B8C3CA /* DMAppDelegate.m */,
				C3D202F11831134F00B8C3CA /* DMAppDelegate.h */,
				C38ADA871832786E006E960D /* bro.atlas */,
				C375F4321844FA2C00C93583 /* foe.atlas */,
				C32F535E1832EC9700C56076 /* bomb-1.png */,
				C32F535F1832EC9700C56076 /* bomb-2.png */,
				C3383227183331040082F702 /* fire-1.png */,
				C3383228183331040082F702 /* fire-2.png */,
				C338322E18343A680082F702 /* star.png */,
				C338323018343A6E0082F702 /* rupee-yellow.png */,
				C319176718553FE200C64A8D /* heart-small.png */,
				C338323818343FD90082F702 /* heart.png */,
				C38ADA761831BFFE006E960D /* wall.png */,
				C38ADA7E18327413006E960D /* brick.png */,
				C319176518551D4700C64A8D /* Fonts */,
				C3D202F41831134F00B8C3CA /* Images.xcassets */,
				C3D202DF1831134E00B8C3CA /* Supporting Files */,
			);
			path = DaftMan;
			sourceTree = "<group>";
		};
		C3D202DF1831134E00B8C3CA /* Supporting Files */ = {
			isa = PBXGroup;
			children = (
				C3D202E01831134E00B8C3CA /* DaftMan-Info.plist */,
				C3D202E11831134E00B8C3CA /* InfoPlist.strings */,
				C3D202E41831134E00B8C3CA /* main.m */,
				C3D202E61831134E00B8C3CA /* DaftMan-Prefix.pch */,
				C3D202E71831134E00B8C3CA /* Credits.rtf */,
			);
			name = "Supporting Files";
			sourceTree = "<group>";
		};
		C3D203001831134F00B8C3CA /* DaftManTests */ = {
			isa = PBXGroup;
			children = (
				C3D203061831134F00B8C3CA /* DaftManTests.m */,
				C3D203011831134F00B8C3CA /* Supporting Files */,
			);
			path = DaftManTests;
			sourceTree = "<group>";
		};
		C3D203011831134F00B8C3CA /* Supporting Files */ = {
			isa = PBXGroup;
			children = (
				C3D203021831134F00B8C3CA /* DaftManTests-Info.plist */,
				C3D203031831134F00B8C3CA /* InfoPlist.strings */,
			);
			name = "Supporting Files";
			sourceTree = "<group>";
		};
/* End PBXGroup section */

/* Begin PBXNativeTarget section */
		C3D202D21831134E00B8C3CA /* DaftMan */ = {
			isa = PBXNativeTarget;
			buildConfigurationList = C3D2030A1831134F00B8C3CA /* Build configuration list for PBXNativeTarget "DaftMan" */;
			buildPhases = (
				C3D202CF1831134E00B8C3CA /* Sources */,
				C3D202D01831134E00B8C3CA /* Frameworks */,
				C3D202D11831134E00B8C3CA /* Resources */,
			);
			buildRules = (
			);
			dependencies = (
			);
			name = DaftMan;
			productName = DaftMan;
			productReference = C3D202D31831134E00B8C3CA /* DaftMan.app */;
			productType = "com.apple.product-type.application";
		};
		C3D202F91831134F00B8C3CA /* DaftManTests */ = {
			isa = PBXNativeTarget;
			buildConfigurationList = C3D2030D1831134F00B8C3CA /* Build configuration list for PBXNativeTarget "DaftManTests" */;
			buildPhases = (
				C3D202F61831134F00B8C3CA /* Sources */,
				C3D202F71831134F00B8C3CA /* Frameworks */,
				C3D202F81831134F00B8C3CA /* Resources */,
			);
			buildRules = (
			);
			dependencies = (
				C3D202FF1831134F00B8C3CA /* PBXTargetDependency */,
			);
			name = DaftManTests;
			productName = DaftManTests;
			productReference = C3D202FA1831134F00B8C3CA /* DaftManTests.xctest */;
			productType = "com.apple.product-type.bundle.unit-test";
		};
/* End PBXNativeTarget section */

/* Begin PBXProject section */
		C3D202CB1831134E00B8C3CA /* Project object */ = {
			isa = PBXProject;
			attributes = {
				CLASSPREFIX = DM;
				LastUpgradeCheck = 0500;
				ORGANIZATIONNAME = "Tanner Smith";
				TargetAttributes = {
					C3D202F91831134F00B8C3CA = {
						TestTargetID = C3D202D21831134E00B8C3CA;
					};
				};
			};
			buildConfigurationList = C3D202CE1831134E00B8C3CA /* Build configuration list for PBXProject "DaftMan" */;
			compatibilityVersion = "Xcode 3.2";
			developmentRegion = English;
			hasScannedForEncodings = 0;
			knownRegions = (
				en,
			);
			mainGroup = C3D202CA1831134E00B8C3CA;
			productRefGroup = C3D202D41831134E00B8C3CA /* Products */;
			projectDirPath = "";
			projectRoot = "";
			targets = (
				C3D202D21831134E00B8C3CA /* DaftMan */,
				C3D202F91831134F00B8C3CA /* DaftManTests */,
			);
		};
/* End PBXProject section */

/* Begin PBXResourcesBuildPhase section */
		C3D202D11831134E00B8C3CA /* Resources */ = {
			isa = PBXResourcesBuildPhase;
			buildActionMask = 2147483647;
			files = (
				C3D202F51831134F00B8C3CA /* Images.xcassets in Resources */,
				C338323118343A6E0082F702 /* rupee-yellow.png in Resources */,
				C32F53611832EC9700C56076 /* bomb-2.png in Resources */,
				C38ADA771831BFFE006E960D /* wall.png in Resources */,
				C338323918343FD90082F702 /* heart.png in Resources */,
				C3D202E31831134E00B8C3CA /* InfoPlist.strings in Resources */,
				C32F53601832EC9700C56076 /* bomb-1.png in Resources */,
				C338322F18343A680082F702 /* star.png in Resources */,
				C3D202E91831134E00B8C3CA /* Credits.rtf in Resources */,
				C38ADA881832786E006E960D /* bro.atlas in Resources */,
				C338322A183331040082F702 /* fire-2.png in Resources */,
				C3383229183331040082F702 /* fire-1.png in Resources */,
				C375F4331844FA2C00C93583 /* foe.atlas in Resources */,
				C319176818553FE200C64A8D /* heart-small.png in Resources */,
				C319176618551D4700C64A8D /* Fonts in Resources */,
				C3D202EB1831134E00B8C3CA /* MainMenu.xib in Resources */,
				C38ADA7F18327413006E960D /* brick.png in Resources */,
			);
			runOnlyForDeploymentPostprocessing = 0;
		};
		C3D202F81831134F00B8C3CA /* Resources */ = {
			isa = PBXResourcesBuildPhase;
			buildActionMask = 2147483647;
			files = (
				C3D203051831134F00B8C3CA /* InfoPlist.strings in Resources */,
			);
			runOnlyForDeploymentPostprocessing = 0;
		};
/* End PBXResourcesBuildPhase section */

/* Begin PBXSourcesBuildPhase section */
		C3D202CF1831134E00B8C3CA /* Sources */ = {
			isa = PBXSourcesBuildPhase;
			buildActionMask = 2147483647;
			files = (
				C32F535D1832EC4F00C56076 /* DMBomb.m in Sources */,
				C38ADA86183277D5006E960D /* DMBro.m in Sources */,
				C3D202F01831134F00B8C3CA /* DMAppDelegate.m in Sources */,
				C338323C18343FE50082F702 /* DMHeart.m in Sources */,
				C3D202E51831134E00B8C3CA /* main.m in Sources */,
				C38ADA721831BBA8006E960D /* DMTile.m in Sources */,
				C38ADA7A1831C426006E960D /* DMGrass.m in Sources */,
				C338323418343A990082F702 /* DMRupee.m in Sources */,
				C338322D183331220082F702 /* DMFire.m in Sources */,
				C338323F1834451F0082F702 /* DMItem.m in Sources */,
				C375F4361844FA6100C93583 /* DMFoe.m in Sources */,
				C332244818568CD5000F412D /* DMEndScene.m in Sources */,
				C38ADA8B183278C6006E960D /* DMMovingSprite.m in Sources */,
				C38ADA7D183273A2006E960D /* DMBrick.m in Sources */,
				C38ADA751831BCE5006E960D /* DMWall.m in Sources */,
				C319175B1854B5E300C64A8D /* DMScoreBoard.m in Sources */,
				C338324418353AAE0082F702 /* DMLevel.m in Sources */,
				C338323718343BCB0082F702 /* DMStar.m in Sources */,
				C3D202ED1831134F00B8C3CA /* DMGameScene.m in Sources */,
			);
			runOnlyForDeploymentPostprocessing = 0;
		};
		C3D202F61831134F00B8C3CA /* Sources */ = {
			isa = PBXSourcesBuildPhase;
			buildActionMask = 2147483647;
			files = (
				C3D203071831134F00B8C3CA /* DaftManTests.m in Sources */,
			);
			runOnlyForDeploymentPostprocessing = 0;
		};
/* End PBXSourcesBuildPhase section */

/* Begin PBXTargetDependency section */
		C3D202FF1831134F00B8C3CA /* PBXTargetDependency */ = {
			isa = PBXTargetDependency;
			target = C3D202D21831134E00B8C3CA /* DaftMan */;
			targetProxy = C3D202FE1831134F00B8C3CA /* PBXContainerItemProxy */;
		};
/* End PBXTargetDependency section */

/* Begin PBXVariantGroup section */
		C3D202E11831134E00B8C3CA /* InfoPlist.strings */ = {
			isa = PBXVariantGroup;
			children = (
				C3D202E21831134E00B8C3CA /* en */,
			);
			name = InfoPlist.strings;
			sourceTree = "<group>";
		};
		C3D202E71831134E00B8C3CA /* Credits.rtf */ = {
			isa = PBXVariantGroup;
			children = (
				C3D202E81831134E00B8C3CA /* en */,
			);
			name = Credits.rtf;
			sourceTree = "<group>";
		};
		C3D203031831134F00B8C3CA /* InfoPlist.strings */ = {
			isa = PBXVariantGroup;
			children = (
				C3D203041831134F00B8C3CA /* en */,
			);
			name = InfoPlist.strings;
			sourceTree = "<group>";
		};
/* End PBXVariantGroup section */

/* Begin XCBuildConfiguration section */
		C3D203081831134F00B8C3CA /* Debug */ = {
			isa = XCBuildConfiguration;
			buildSettings = {
				ALWAYS_SEARCH_USER_PATHS = NO;
				CLANG_CXX_LANGUAGE_STANDARD = "gnu++0x";
				CLANG_CXX_LIBRARY = "libc++";
				CLANG_ENABLE_OBJC_ARC = YES;
				CLANG_WARN_BOOL_CONVERSION = YES;
				CLANG_WARN_CONSTANT_CONVERSION = YES;
				CLANG_WARN_DIRECT_OBJC_ISA_USAGE = YES_ERROR;
				CLANG_WARN_EMPTY_BODY = YES;
				CLANG_WARN_ENUM_CONVERSION = YES;
				CLANG_WARN_INT_CONVERSION = YES;
				CLANG_WARN_OBJC_ROOT_CLASS = YES_ERROR;
				CLANG_WARN__DUPLICATE_METHOD_MATCH = YES;
				COPY_PHASE_STRIP = NO;
				GCC_C_LANGUAGE_STANDARD = gnu99;
				GCC_DYNAMIC_NO_PIC = NO;
				GCC_ENABLE_OBJC_EXCEPTIONS = YES;
				GCC_OPTIMIZATION_LEVEL = 0;
				GCC_PREPROCESSOR_DEFINITIONS = (
					"DEBUG=1",
					"$(inherited)",
				);
				GCC_SYMBOLS_PRIVATE_EXTERN = NO;
				GCC_WARN_64_TO_32_BIT_CONVERSION = YES;
				GCC_WARN_ABOUT_RETURN_TYPE = YES_ERROR;
				GCC_WARN_UNDECLARED_SELECTOR = YES;
				GCC_WARN_UNINITIALIZED_AUTOS = YES;
				GCC_WARN_UNUSED_FUNCTION = YES;
				GCC_WARN_UNUSED_VARIABLE = YES;
				MACOSX_DEPLOYMENT_TARGET = 10.9;
				ONLY_ACTIVE_ARCH = YES;
				SDKROOT = macosx;
			};
			name = Debug;
		};
		C3D203091831134F00B8C3CA /* Release */ = {
			isa = XCBuildConfiguration;
			buildSettings = {
				ALWAYS_SEARCH_USER_PATHS = NO;
				CLANG_CXX_LANGUAGE_STANDARD = "gnu++0x";
				CLANG_CXX_LIBRARY = "libc++";
				CLANG_ENABLE_OBJC_ARC = YES;
				CLANG_WARN_BOOL_CONVERSION = YES;
				CLANG_WARN_CONSTANT_CONVERSION = YES;
				CLANG_WARN_DIRECT_OBJC_ISA_USAGE = YES_ERROR;
				CLANG_WARN_EMPTY_BODY = YES;
				CLANG_WARN_ENUM_CONVERSION = YES;
				CLANG_WARN_INT_CONVERSION = YES;
				CLANG_WARN_OBJC_ROOT_CLASS = YES_ERROR;
				CLANG_WARN__DUPLICATE_METHOD_MATCH = YES;
				COPY_PHASE_STRIP = YES;
				DEBUG_INFORMATION_FORMAT = "dwarf-with-dsym";
				ENABLE_NS_ASSERTIONS = NO;
				GCC_C_LANGUAGE_STANDARD = gnu99;
				GCC_ENABLE_OBJC_EXCEPTIONS = YES;
				GCC_WARN_64_TO_32_BIT_CONVERSION = YES;
				GCC_WARN_ABOUT_RETURN_TYPE = YES_ERROR;
				GCC_WARN_UNDECLARED_SELECTOR = YES;
				GCC_WARN_UNINITIALIZED_AUTOS = YES;
				GCC_WARN_UNUSED_FUNCTION = YES;
				GCC_WARN_UNUSED_VARIABLE = YES;
				MACOSX_DEPLOYMENT_TARGET = 10.9;
				SDKROOT = macosx;
			};
			name = Release;
		};
		C3D2030B1831134F00B8C3CA /* Debug */ = {
			isa = XCBuildConfiguration;
			buildSettings = {
				ASSETCATALOG_COMPILER_APPICON_NAME = AppIcon;
				COMBINE_HIDPI_IMAGES = YES;
				GCC_PRECOMPILE_PREFIX_HEADER = YES;
				GCC_PREFIX_HEADER = "DaftMan/DaftMan-Prefix.pch";
				INFOPLIST_FILE = "DaftMan/DaftMan-Info.plist";
				PRODUCT_NAME = "$(TARGET_NAME)";
				SPRITEKIT_TEXTURE_ATLAS_OUTPUT = YES;
				WRAPPER_EXTENSION = app;
			};
			name = Debug;
		};
		C3D2030C1831134F00B8C3CA /* Release */ = {
			isa = XCBuildConfiguration;
			buildSettings = {
				ASSETCATALOG_COMPILER_APPICON_NAME = AppIcon;
				COMBINE_HIDPI_IMAGES = YES;
				GCC_PRECOMPILE_PREFIX_HEADER = YES;
				GCC_PREFIX_HEADER = "DaftMan/DaftMan-Prefix.pch";
				INFOPLIST_FILE = "DaftMan/DaftMan-Info.plist";
				PRODUCT_NAME = "$(TARGET_NAME)";
				SPRITEKIT_TEXTURE_ATLAS_OUTPUT = YES;
				WRAPPER_EXTENSION = app;
			};
			name = Release;
		};
		C3D2030E1831134F00B8C3CA /* Debug */ = {
			isa = XCBuildConfiguration;
			buildSettings = {
				BUNDLE_LOADER = "$(BUILT_PRODUCTS_DIR)/DaftMan.app/Contents/MacOS/DaftMan";
				COMBINE_HIDPI_IMAGES = YES;
				FRAMEWORK_SEARCH_PATHS = (
					"$(DEVELOPER_FRAMEWORKS_DIR)",
					"$(inherited)",
				);
				GCC_PRECOMPILE_PREFIX_HEADER = YES;
				GCC_PREFIX_HEADER = "DaftMan/DaftMan-Prefix.pch";
				GCC_PREPROCESSOR_DEFINITIONS = (
					"DEBUG=1",
					"$(inherited)",
				);
				INFOPLIST_FILE = "DaftManTests/DaftManTests-Info.plist";
				PRODUCT_NAME = "$(TARGET_NAME)";
				TEST_HOST = "$(BUNDLE_LOADER)";
				WRAPPER_EXTENSION = xctest;
			};
			name = Debug;
		};
		C3D2030F1831134F00B8C3CA /* Release */ = {
			isa = XCBuildConfiguration;
			buildSettings = {
				BUNDLE_LOADER = "$(BUILT_PRODUCTS_DIR)/DaftMan.app/Contents/MacOS/DaftMan";
				COMBINE_HIDPI_IMAGES = YES;
				FRAMEWORK_SEARCH_PATHS = (
					"$(DEVELOPER_FRAMEWORKS_DIR)",
					"$(inherited)",
				);
				GCC_PRECOMPILE_PREFIX_HEADER = YES;
				GCC_PREFIX_HEADER = "DaftMan/DaftMan-Prefix.pch";
				INFOPLIST_FILE = "DaftManTests/DaftManTests-Info.plist";
				PRODUCT_NAME = "$(TARGET_NAME)";
				TEST_HOST = "$(BUNDLE_LOADER)";
				WRAPPER_EXTENSION = xctest;
			};
			name = Release;
		};
/* End XCBuildConfiguration section */

/* Begin XCConfigurationList section */
		C3D202CE1831134E00B8C3CA /* Build configuration list for PBXProject "DaftMan" */ = {
			isa = XCConfigurationList;
			buildConfigurations = (
				C3D203081831134F00B8C3CA /* Debug */,
				C3D203091831134F00B8C3CA /* Release */,
			);
			defaultConfigurationIsVisible = 0;
			defaultConfigurationName = Release;
		};
		C3D2030A1831134F00B8C3CA /* Build configuration list for PBXNativeTarget "DaftMan" */ = {
			isa = XCConfigurationList;
			buildConfigurations = (
				C3D2030B1831134F00B8C3CA /* Debug */,
				C3D2030C1831134F00B8C3CA /* Release */,
			);
			defaultConfigurationIsVisible = 0;
			defaultConfigurationName = Release;
		};
		C3D2030D1831134F00B8C3CA /* Build configuration list for PBXNativeTarget "DaftManTests" */ = {
			isa = XCConfigurationList;
			buildConfigurations = (
				C3D2030E1831134F00B8C3CA /* Debug */,
				C3D2030F1831134F00B8C3CA /* Release */,
			);
			defaultConfigurationIsVisible = 0;
			defaultConfigurationName = Release;
		};
/* End XCConfigurationList section */
	};
	rootObject = C3D202CB1831134E00B8C3CA /* Project object */;
}
